
Microsoft Visual Studio Solution File, Format Version 12.00
# Visual Studio Version 17
VisualStudioVersion = 17.3.32825.248
MinimumVisualStudioVersion = 10.0.40219.1
Project("{9A19103F-16F7-4668-BE54-9A1E7A4F7556}") = "HcmMemberSearch", "HcmMemberSearch\HcmMemberSearch.csproj", "{E8284A92-A76C-49F9-B65D-44EFCE439EA8}"
EndProject
Project("{2150E333-8FDC-42A3-9474-1A3956D46DE8}") = "Solution Items", "Solution Items", "{EBD751C8-5EAB-4969-B9C9-66D61AC7D4A7}"
	ProjectSection(SolutionItems) = preProject
		.editorconfig = .editorconfig
	EndProjectSection
EndProject
Project("{FAE04EC0-301F-11D3-BF4B-00C04F79EFBC}") = "NUnitTests", "ProviderNUnitTests\NUnitTests.csproj", "{8CB50FC8-013C-4AA3-BF9F-E7DB9BBECA98}"
EndProject
Global
	GlobalSection(SolutionConfigurationPlatforms) = preSolution
		Debug|Any CPU = Debug|Any CPU
		Release|Any CPU = Release|Any CPU
	EndGlobalSection
	GlobalSection(ProjectConfigurationPlatforms) = postSolution
		{E8284A92-A76C-49F9-B65D-44EFCE439EA8}.Debug|Any CPU.ActiveCfg = Debug|Any CPU
		{E8284A92-A76C-49F9-B65D-44EFCE439EA8}.Debug|Any CPU.Build.0 = Debug|Any CPU
		{E8284A92-A76C-49F9-B65D-44EFCE439EA8}.Release|Any CPU.ActiveCfg = Release|Any CPU
		{E8284A92-A76C-49F9-B65D-44EFCE439EA8}.Release|Any CPU.Build.0 = Release|Any CPU
		{8CB50FC8-013C-4AA3-BF9F-E7DB9BBECA98}.Debug|Any CPU.ActiveCfg = Debug|Any CPU
		{8CB50FC8-013C-4AA3-BF9F-E7DB9BBECA98}.Debug|Any CPU.Build.0 = Debug|Any CPU
		{8CB50FC8-013C-4AA3-BF9F-E7DB9BBECA98}.Release|Any CPU.ActiveCfg = Release|Any CPU
		{8CB50FC8-013C-4AA3-BF9F-E7DB9BBECA98}.Release|Any CPU.Build.0 = Release|Any CPU
	EndGlobalSection
	GlobalSection(SolutionProperties) = preSolution
		HideSolutionNode = FALSE
	EndGlobalSection
	GlobalSection(ExtensibilityGlobals) = postSolution
		SolutionGuid = {F0E8E5E2-FC56-450E-BBA1-94D0AFAE99E5}
	EndGlobalSection
EndGlobal
